
Microsoft Visual Studio Solution File, Format Version 12.00
# Visual Studio 2012
Project("{FAE04EC0-301F-11D3-BF4B-00C04F79EFBC}") = "ICT13580041FinalA", "ICT13580041FinalA\ICT13580041FinalA.csproj", "{F8381F3B-A95E-4638-AB20-28239166B248}"
EndProject
Project("{FAE04EC0-301F-11D3-BF4B-00C04F79EFBC}") = "ICT13580041FinalA.iOS", "iOS\ICT13580041FinalA.iOS.csproj", "{1A80665F-56D7-4CF0-BC21-4DD3A6E3378C}"
EndProject
Project("{FAE04EC0-301F-11D3-BF4B-00C04F79EFBC}") = "ICT13580041FinalA.Droid", "Droid\ICT13580041FinalA.Droid.csproj", "{4F45A450-AE6D-4C7E-94D6-F015503CCDFB}"
EndProject
Global
	GlobalSection(SolutionConfigurationPlatforms) = preSolution
		Debug|Any CPU = Debug|Any CPU
		Release|Any CPU = Release|Any CPU
		Debug|iPhoneSimulator = Debug|iPhoneSimulator
		Release|iPhone = Release|iPhone
		Release|iPhoneSimulator = Release|iPhoneSimulator
		Debug|iPhone = Debug|iPhone
	EndGlobalSection
	GlobalSection(ProjectConfigurationPlatforms) = postSolution
		{F8381F3B-A95E-4638-AB20-28239166B248}.Debug|Any CPU.ActiveCfg = Debug|Any CPU
		{F8381F3B-A95E-4638-AB20-28239166B248}.Debug|Any CPU.Build.0 = Debug|Any CPU
		{F8381F3B-A95E-4638-AB20-28239166B248}.Release|Any CPU.ActiveCfg = Release|Any CPU
		{F8381F3B-A95E-4638-AB20-28239166B248}.Release|Any CPU.Build.0 = Release|Any CPU
		{F8381F3B-A95E-4638-AB20-28239166B248}.Debug|iPhoneSimulator.ActiveCfg = Debug|Any CPU
		{F8381F3B-A95E-4638-AB20-28239166B248}.Debug|iPhoneSimulator.Build.0 = Debug|Any CPU
		{F8381F3B-A95E-4638-AB20-28239166B248}.Release|iPhone.ActiveCfg = Release|Any CPU
		{F8381F3B-A95E-4638-AB20-28239166B248}.Release|iPhone.Build.0 = Release|Any CPU
		{F8381F3B-A95E-4638-AB20-28239166B248}.Release|iPhoneSimulator.ActiveCfg = Release|Any CPU
		{F8381F3B-A95E-4638-AB20-28239166B248}.Release|iPhoneSimulator.Build.0 = Release|Any CPU
		{F8381F3B-A95E-4638-AB20-28239166B248}.Debug|iPhone.ActiveCfg = Debug|Any CPU
		{F8381F3B-A95E-4638-AB20-28239166B248}.Debug|iPhone.Build.0 = Debug|Any CPU
		{1A80665F-56D7-4CF0-BC21-4DD3A6E3378C}.Debug|Any CPU.ActiveCfg = Debug|iPhoneSimulator
		{1A80665F-56D7-4CF0-BC21-4DD3A6E3378C}.Debug|Any CPU.Build.0 = Debug|iPhoneSimulator
		{1A80665F-56D7-4CF0-BC21-4DD3A6E3378C}.Release|Any CPU.ActiveCfg = Release|iPhone
		{1A80665F-56D7-4CF0-BC21-4DD3A6E3378C}.Release|Any CPU.Build.0 = Release|iPhone
		{1A80665F-56D7-4CF0-BC21-4DD3A6E3378C}.Debug|iPhoneSimulator.ActiveCfg = Debug|iPhoneSimulator
		{1A80665F-56D7-4CF0-BC21-4DD3A6E3378C}.Debug|iPhoneSimulator.Build.0 = Debug|iPhoneSimulator
		{1A80665F-56D7-4CF0-BC21-4DD3A6E3378C}.Release|iPhone.ActiveCfg = Release|iPhone
		{1A80665F-56D7-4CF0-BC21-4DD3A6E3378C}.Release|iPhone.Build.0 = Release|iPhone
		{1A80665F-56D7-4CF0-BC21-4DD3A6E3378C}.Release|iPhoneSimulator.ActiveCfg = Release|iPhoneSimulator
		{1A80665F-56D7-4CF0-BC21-4DD3A6E3378C}.Release|iPhoneSimulator.Build.0 = Release|iPhoneSimulator
		{1A80665F-56D7-4CF0-BC21-4DD3A6E3378C}.Debug|iPhone.ActiveCfg = Debug|iPhone
		{1A80665F-56D7-4CF0-BC21-4DD3A6E3378C}.Debug|iPhone.Build.0 = Debug|iPhone
		{4F45A450-AE6D-4C7E-94D6-F015503CCDFB}.Debug|Any CPU.ActiveCfg = Debug|Any CPU
		{4F45A450-AE6D-4C7E-94D6-F015503CCDFB}.Debug|Any CPU.Build.0 = Debug|Any CPU
		{4F45A450-AE6D-4C7E-94D6-F015503CCDFB}.Release|Any CPU.ActiveCfg = Release|Any CPU
		{4F45A450-AE6D-4C7E-94D6-F015503CCDFB}.Release|Any CPU.Build.0 = Release|Any CPU
		{4F45A450-AE6D-4C7E-94D6-F015503CCDFB}.Debug|iPhoneSimulator.ActiveCfg = Debug|Any CPU
		{4F45A450-AE6D-4C7E-94D6-F015503CCDFB}.Debug|iPhoneSimulator.Build.0 = Debug|Any CPU
		{4F45A450-AE6D-4C7E-94D6-F015503CCDFB}.Release|iPhone.ActiveCfg = Release|Any CPU
		{4F45A450-AE6D-4C7E-94D6-F015503CCDFB}.Release|iPhone.Build.0 = Release|Any CPU
		{4F45A450-AE6D-4C7E-94D6-F015503CCDFB}.Release|iPhoneSimulator.ActiveCfg = Release|Any CPU
		{4F45A450-AE6D-4C7E-94D6-F015503CCDFB}.Release|iPhoneSimulator.Build.0 = Release|Any CPU
		{4F45A450-AE6D-4C7E-94D6-F015503CCDFB}.Debug|iPhone.ActiveCfg = Debug|Any CPU
		{4F45A450-AE6D-4C7E-94D6-F015503CCDFB}.Debug|iPhone.Build.0 = Debug|Any CPU
	EndGlobalSection
EndGlobal
